
Microsoft Visual Studio Solution File, Format Version 12.00
# Visual Studio Version 17
VisualStudioVersion = 17.0.31903.59
MinimumVisualStudioVersion = 10.0.40219.1
Project("{2150E333-8FDC-42A3-9474-1A3956D46DE8}") = "Core", "Core", "{FBF56CC3-7AE6-AD2D-3F14-7F97FD322CD6}"
EndProject
Project("{FAE04EC0-301F-11D3-BF4B-00C04F79EFBC}") = "BlogServer.Domain", "Core\BlogServer.Domain\BlogServer.Domain.csproj", "{0CE0BC1A-2750-4576-80A6-926C065072CD}"
EndProject
Project("{FAE04EC0-301F-11D3-BF4B-00C04F79EFBC}") = "BlogServer.Application", "Core\BlogServer.Application\BlogServer.Application.csproj", "{EA0F9EAC-9C52-4DCC-AD23-36F952AD1EBC}"
EndProject
Project("{FAE04EC0-301F-11D3-BF4B-00C04F79EFBC}") = "BlogServer.Infrastructure", "Infrastructure\BlogServer.Infrastructure\BlogServer.Infrastructure.csproj", "{2CF40222-6E00-4B97-AA9A-546036B4E2A9}"
EndProject
Project("{FAE04EC0-301F-11D3-BF4B-00C04F79EFBC}") = "BlogServer.Persistence", "Infrastructure\BlogServer.Persistence\BlogServer.Persistence.csproj", "{AAF9E0C0-8E29-4535-9366-B305955A4405}"
EndProject
Project("{FAE04EC0-301F-11D3-BF4B-00C04F79EFBC}") = "BlogServer.WebApi", "Presentation\BlogServer.WebApi\BlogServer.WebApi.csproj", "{6662DF6C-D995-4FA2-A2A3-9E03BE6FE5F8}"
EndProject
Global
	GlobalSection(SolutionConfigurationPlatforms) = preSolution
		Debug|Any CPU = Debug|Any CPU
		Debug|x64 = Debug|x64
		Debug|x86 = Debug|x86
		Release|Any CPU = Release|Any CPU
		Release|x64 = Release|x64
		Release|x86 = Release|x86
	EndGlobalSection
	GlobalSection(ProjectConfigurationPlatforms) = postSolution
		{0CE0BC1A-2750-4576-80A6-926C065072CD}.Debug|Any CPU.ActiveCfg = Debug|Any CPU
		{0CE0BC1A-2750-4576-80A6-926C065072CD}.Debug|Any CPU.Build.0 = Debug|Any CPU
		{0CE0BC1A-2750-4576-80A6-926C065072CD}.Debug|x64.ActiveCfg = Debug|Any CPU
		{0CE0BC1A-2750-4576-80A6-926C065072CD}.Debug|x64.Build.0 = Debug|Any CPU
		{0CE0BC1A-2750-4576-80A6-926C065072CD}.Debug|x86.ActiveCfg = Debug|Any CPU
		{0CE0BC1A-2750-4576-80A6-926C065072CD}.Debug|x86.Build.0 = Debug|Any CPU
		{0CE0BC1A-2750-4576-80A6-926C065072CD}.Release|Any CPU.ActiveCfg = Release|Any CPU
		{0CE0BC1A-2750-4576-80A6-926C065072CD}.Release|Any CPU.Build.0 = Release|Any CPU
		{0CE0BC1A-2750-4576-80A6-926C065072CD}.Release|x64.ActiveCfg = Release|Any CPU
		{0CE0BC1A-2750-4576-80A6-926C065072CD}.Release|x64.Build.0 = Release|Any CPU
		{0CE0BC1A-2750-4576-80A6-926C065072CD}.Release|x86.ActiveCfg = Release|Any CPU
		{0CE0BC1A-2750-4576-80A6-926C065072CD}.Release|x86.Build.0 = Release|Any CPU
		{EA0F9EAC-9C52-4DCC-AD23-36F952AD1EBC}.Debug|Any CPU.ActiveCfg = Debug|Any CPU
		{EA0F9EAC-9C52-4DCC-AD23-36F952AD1EBC}.Debug|Any CPU.Build.0 = Debug|Any CPU
		{EA0F9EAC-9C52-4DCC-AD23-36F952AD1EBC}.Debug|x64.ActiveCfg = Debug|Any CPU
		{EA0F9EAC-9C52-4DCC-AD23-36F952AD1EBC}.Debug|x64.Build.0 = Debug|Any CPU
		{EA0F9EAC-9C52-4DCC-AD23-36F952AD1EBC}.Debug|x86.ActiveCfg = Debug|Any CPU
		{EA0F9EAC-9C52-4DCC-AD23-36F952AD1EBC}.Debug|x86.Build.0 = Debug|Any CPU
		{EA0F9EAC-9C52-4DCC-AD23-36F952AD1EBC}.Release|Any CPU.ActiveCfg = Release|Any CPU
		{EA0F9EAC-9C52-4DCC-AD23-36F952AD1EBC}.Release|Any CPU.Build.0 = Release|Any CPU
		{EA0F9EAC-9C52-4DCC-AD23-36F952AD1EBC}.Release|x64.ActiveCfg = Release|Any CPU
		{EA0F9EAC-9C52-4DCC-AD23-36F952AD1EBC}.Release|x64.Build.0 = Release|Any CPU
		{EA0F9EAC-9C52-4DCC-AD23-36F952AD1EBC}.Release|x86.ActiveCfg = Release|Any CPU
		{EA0F9EAC-9C52-4DCC-AD23-36F952AD1EBC}.Release|x86.Build.0 = Release|Any CPU
		{2CF40222-6E00-4B97-AA9A-546036B4E2A9}.Debug|Any CPU.ActiveCfg = Debug|Any CPU
		{2CF40222-6E00-4B97-AA9A-546036B4E2A9}.Debug|Any CPU.Build.0 = Debug|Any CPU
		{2CF40222-6E00-4B97-AA9A-546036B4E2A9}.Debug|x64.ActiveCfg = Debug|Any CPU
		{2CF40222-6E00-4B97-AA9A-546036B4E2A9}.Debug|x64.Build.0 = Debug|Any CPU
		{2CF40222-6E00-4B97-AA9A-546036B4E2A9}.Debug|x86.ActiveCfg = Debug|Any CPU
		{2CF40222-6E00-4B97-AA9A-546036B4E2A9}.Debug|x86.Build.0 = Debug|Any CPU
		{2CF40222-6E00-4B97-AA9A-546036B4E2A9}.Release|Any CPU.ActiveCfg = Release|Any CPU
		{2CF40222-6E00-4B97-AA9A-546036B4E2A9}.Release|Any CPU.Build.0 = Release|Any CPU
		{2CF40222-6E00-4B97-AA9A-546036B4E2A9}.Release|x64.ActiveCfg = Release|Any CPU
		{2CF40222-6E00-4B97-AA9A-546036B4E2A9}.Release|x64.Build.0 = Release|Any CPU
		{2CF40222-6E00-4B97-AA9A-546036B4E2A9}.Release|x86.ActiveCfg = Release|Any CPU
		{2CF40222-6E00-4B97-AA9A-546036B4E2A9}.Release|x86.Build.0 = Release|Any CPU
		{AAF9E0C0-8E29-4535-9366-B305955A4405}.Debug|Any CPU.ActiveCfg = Debug|Any CPU
		{AAF9E0C0-8E29-4535-9366-B305955A4405}.Debug|Any CPU.Build.0 = Debug|Any CPU
		{AAF9E0C0-8E29-4535-9366-B305955A4405}.Debug|x64.ActiveCfg = Debug|Any CPU
		{AAF9E0C0-8E29-4535-9366-B305955A4405}.Debug|x64.Build.0 = Debug|Any CPU
		{AAF9E0C0-8E29-4535-9366-B305955A4405}.Debug|x86.ActiveCfg = Debug|Any CPU
		{AAF9E0C0-8E29-4535-9366-B305955A4405}.Debug|x86.Build.0 = Debug|Any CPU
		{AAF9E0C0-8E29-4535-9366-B305955A4405}.Release|Any CPU.ActiveCfg = Release|Any CPU
		{AAF9E0C0-8E29-4535-9366-B305955A4405}.Release|Any CPU.Build.0 = Release|Any CPU
		{AAF9E0C0-8E29-4535-9366-B305955A4405}.Release|x64.ActiveCfg = Release|Any CPU
		{AAF9E0C0-8E29-4535-9366-B305955A4405}.Release|x64.Build.0 = Release|Any CPU
		{AAF9E0C0-8E29-4535-9366-B305955A4405}.Release|x86.ActiveCfg = Release|Any CPU
		{AAF9E0C0-8E29-4535-9366-B305955A4405}.Release|x86.Build.0 = Release|Any CPU
		{6662DF6C-D995-4FA2-A2A3-9E03BE6FE5F8}.Debug|Any CPU.ActiveCfg = Debug|Any CPU
		{6662DF6C-D995-4FA2-A2A3-9E03BE6FE5F8}.Debug|Any CPU.Build.0 = Debug|Any CPU
		{6662DF6C-D995-4FA2-A2A3-9E03BE6FE5F8}.Debug|x64.ActiveCfg = Debug|Any CPU
		{6662DF6C-D995-4FA2-A2A3-9E03BE6FE5F8}.Debug|x64.Build.0 = Debug|Any CPU
		{6662DF6C-D995-4FA2-A2A3-9E03BE6FE5F8}.Debug|x86.ActiveCfg = Debug|Any CPU
		{6662DF6C-D995-4FA2-A2A3-9E03BE6FE5F8}.Debug|x86.Build.0 = Debug|Any CPU
		{6662DF6C-D995-4FA2-A2A3-9E03BE6FE5F8}.Release|Any CPU.ActiveCfg = Release|Any CPU
		{6662DF6C-D995-4FA2-A2A3-9E03BE6FE5F8}.Release|Any CPU.Build.0 = Release|Any CPU
		{6662DF6C-D995-4FA2-A2A3-9E03BE6FE5F8}.Release|x64.ActiveCfg = Release|Any CPU
		{6662DF6C-D995-4FA2-A2A3-9E03BE6FE5F8}.Release|x64.Build.0 = Release|Any CPU
		{6662DF6C-D995-4FA2-A2A3-9E03BE6FE5F8}.Release|x86.ActiveCfg = Release|Any CPU
		{6662DF6C-D995-4FA2-A2A3-9E03BE6FE5F8}.Release|x86.Build.0 = Release|Any CPU
	EndGlobalSection
	GlobalSection(SolutionProperties) = preSolution
		HideSolutionNode = FALSE
	EndGlobalSection
	GlobalSection(NestedProjects) = preSolution
		{0CE0BC1A-2750-4576-80A6-926C065072CD} = {FBF56CC3-7AE6-AD2D-3F14-7F97FD322CD6}
		{EA0F9EAC-9C52-4DCC-AD23-36F952AD1EBC} = {FBF56CC3-7AE6-AD2D-3F14-7F97FD322CD6}
		{2CF40222-6E00-4B97-AA9A-546036B4E2A9} = {FBF56CC3-7AE6-AD2D-3F14-7F97FD322CD6}
		{AAF9E0C0-8E29-4535-9366-B305955A4405} = {FBF56CC3-7AE6-AD2D-3F14-7F97FD322CD6}
		{6662DF6C-D995-4FA2-A2A3-9E03BE6FE5F8} = {FBF56CC3-7AE6-AD2D-3F14-7F97FD322CD6}
	EndGlobalSection
EndGlobal
